
Microsoft Visual Studio Solution File, Format Version 12.00
# Visual Studio 2013
VisualStudioVersion = 12.0.21005.1
MinimumVisualStudioVersion = 10.0.40219.1
Project("{8BC9CEB8-8B4A-11D0-8D11-00A0C91BC942}") = "Diffuse", "Diffuse\Diffuse.vcxproj", "{596A0EDF-58B7-4CE1-A395-CB5777E69905}"
EndProject
Project("{8BC9CEB8-8B4A-11D0-8D11-00A0C91BC942}") = "CatoonNoOutline", "CatoonNoOutline\CatoonNoOutline.vcxproj", "{F61524CC-2224-4D31-8797-163A40873EE9}"
EndProject
Project("{8BC9CEB8-8B4A-11D0-8D11-00A0C91BC942}") = "CatoonWithOutline", "CatoonWithOutline\CatoonWithOutline.vcxproj", "{DB34E7CE-8A19-4179-B318-FF4316D84C6D}"
EndProject
Global
	GlobalSection(SolutionConfigurationPlatforms) = preSolution
		Debug|Mixed Platforms = Debug|Mixed Platforms
		Debug|Win32 = Debug|Win32
		Debug|x64 = Debug|x64
		Release|Mixed Platforms = Release|Mixed Platforms
		Release|Win32 = Release|Win32
		Release|x64 = Release|x64
	EndGlobalSection
	GlobalSection(ProjectConfigurationPlatforms) = postSolution
		{596A0EDF-58B7-4CE1-A395-CB5777E69905}.Debug|Mixed Platforms.ActiveCfg = Debug|x64
		{596A0EDF-58B7-4CE1-A395-CB5777E69905}.Debug|Mixed Platforms.Build.0 = Debug|x64
		{596A0EDF-58B7-4CE1-A395-CB5777E69905}.Debug|Win32.ActiveCfg = Debug|Win32
		{596A0EDF-58B7-4CE1-A395-CB5777E69905}.Debug|Win32.Build.0 = Debug|Win32
		{596A0EDF-58B7-4CE1-A395-CB5777E69905}.Debug|x64.ActiveCfg = Debug|x64
		{596A0EDF-58B7-4CE1-A395-CB5777E69905}.Debug|x64.Build.0 = Debug|x64
		{596A0EDF-58B7-4CE1-A395-CB5777E69905}.Release|Mixed Platforms.ActiveCfg = Release|Win32
		{596A0EDF-58B7-4CE1-A395-CB5777E69905}.Release|Mixed Platforms.Build.0 = Release|Win32
		{596A0EDF-58B7-4CE1-A395-CB5777E69905}.Release|Win32.ActiveCfg = Release|Win32
		{596A0EDF-58B7-4CE1-A395-CB5777E69905}.Release|Win32.Build.0 = Release|Win32
		{596A0EDF-58B7-4CE1-A395-CB5777E69905}.Release|x64.ActiveCfg = Release|x64
		{596A0EDF-58B7-4CE1-A395-CB5777E69905}.Release|x64.Build.0 = Release|x64
		{F61524CC-2224-4D31-8797-163A40873EE9}.Debug|Mixed Platforms.ActiveCfg = Debug|x64
		{F61524CC-2224-4D31-8797-163A40873EE9}.Debug|Mixed Platforms.Build.0 = Debug|x64
		{F61524CC-2224-4D31-8797-163A40873EE9}.Debug|Win32.ActiveCfg = Debug|Win32
		{F61524CC-2224-4D31-8797-163A40873EE9}.Debug|Win32.Build.0 = Debug|Win32
		{F61524CC-2224-4D31-8797-163A40873EE9}.Debug|x64.ActiveCfg = Debug|x64
		{F61524CC-2224-4D31-8797-163A40873EE9}.Debug|x64.Build.0 = Debug|x64
		{F61524CC-2224-4D31-8797-163A40873EE9}.Release|Mixed Platforms.ActiveCfg = Release|Win32
		{F61524CC-2224-4D31-8797-163A40873EE9}.Release|Mixed Platforms.Build.0 = Release|Win32
		{F61524CC-2224-4D31-8797-163A40873EE9}.Release|Win32.ActiveCfg = Release|Win32
		{F61524CC-2224-4D31-8797-163A40873EE9}.Release|Win32.Build.0 = Release|Win32
		{F61524CC-2224-4D31-8797-163A40873EE9}.Release|x64.ActiveCfg = Release|Win32
		{DB34E7CE-8A19-4179-B318-FF4316D84C6D}.Debug|Mixed Platforms.ActiveCfg = Debug|Win32
		{DB34E7CE-8A19-4179-B318-FF4316D84C6D}.Debug|Mixed Platforms.Build.0 = Debug|Win32
		{DB34E7CE-8A19-4179-B318-FF4316D84C6D}.Debug|Win32.ActiveCfg = Debug|Win32
		{DB34E7CE-8A19-4179-B318-FF4316D84C6D}.Debug|Win32.Build.0 = Debug|Win32
		{DB34E7CE-8A19-4179-B318-FF4316D84C6D}.Debug|x64.ActiveCfg = Debug|x64
		{DB34E7CE-8A19-4179-B318-FF4316D84C6D}.Debug|x64.Build.0 = Debug|x64
		{DB34E7CE-8A19-4179-B318-FF4316D84C6D}.Release|Mixed Platforms.ActiveCfg = Release|Win32
		{DB34E7CE-8A19-4179-B318-FF4316D84C6D}.Release|Mixed Platforms.Build.0 = Release|Win32
		{DB34E7CE-8A19-4179-B318-FF4316D84C6D}.Release|Win32.ActiveCfg = Release|Win32
		{DB34E7CE-8A19-4179-B318-FF4316D84C6D}.Release|Win32.Build.0 = Release|Win32
		{DB34E7CE-8A19-4179-B318-FF4316D84C6D}.Release|x64.ActiveCfg = Release|Win32
	EndGlobalSection
	GlobalSection(SolutionProperties) = preSolution
		HideSolutionNode = FALSE
	EndGlobalSection
EndGlobal
